
Microsoft Visual Studio Solution File, Format Version 12.00
# Visual Studio Version 17
VisualStudioVersion = 17.0.32126.317
MinimumVisualStudioVersion = 10.0.40219.1
Project("{FAE04EC0-301F-11D3-BF4B-00C04F79EFBC}") = "M5", "M5\M5.csproj", "{7051F50A-2AE0-46AC-AA10-8003C61C3902}"
EndProject
Global
	GlobalSection(SolutionConfigurationPlatforms) = preSolution
		Debug|Any CPU = Debug|Any CPU
		Release|Any CPU = Release|Any CPU
	EndGlobalSection
	GlobalSection(ProjectConfigurationPlatforms) = postSolution
		{7051F50A-2AE0-46AC-AA10-8003C61C3902}.Debug|Any CPU.ActiveCfg = Debug|Any CPU
		{7051F50A-2AE0-46AC-AA10-8003C61C3902}.Debug|Any CPU.Build.0 = Debug|Any CPU
		{7051F50A-2AE0-46AC-AA10-8003C61C3902}.Release|Any CPU.ActiveCfg = Release|Any CPU
		{7051F50A-2AE0-46AC-AA10-8003C61C3902}.Release|Any CPU.Build.0 = Release|Any CPU
	EndGlobalSection
	GlobalSection(SolutionProperties) = preSolution
		HideSolutionNode = FALSE
	EndGlobalSection
	GlobalSection(ExtensibilityGlobals) = postSolution
		SolutionGuid = {1C360E43-1706-484E-9FFC-62A37BA3F0A2}
	EndGlobalSection
EndGlobal
