
Microsoft Visual Studio Solution File, Format Version 12.00
# Visual Studio Version 17
VisualStudioVersion = 17.1.32210.238
MinimumVisualStudioVersion = 10.0.40219.1
Project("{FAE04EC0-301F-11D3-BF4B-00C04F79EFBC}") = "Ficheiros M7", "Ficheiros M7\Ficheiros M7.csproj", "{73C44C15-CCFE-47BA-BF4D-2B0BD4236700}"
EndProject
Global
	GlobalSection(SolutionConfigurationPlatforms) = preSolution
		Debug|Any CPU = Debug|Any CPU
		Release|Any CPU = Release|Any CPU
	EndGlobalSection
	GlobalSection(ProjectConfigurationPlatforms) = postSolution
		{73C44C15-CCFE-47BA-BF4D-2B0BD4236700}.Debug|Any CPU.ActiveCfg = Debug|Any CPU
		{73C44C15-CCFE-47BA-BF4D-2B0BD4236700}.Debug|Any CPU.Build.0 = Debug|Any CPU
		{73C44C15-CCFE-47BA-BF4D-2B0BD4236700}.Release|Any CPU.ActiveCfg = Release|Any CPU
		{73C44C15-CCFE-47BA-BF4D-2B0BD4236700}.Release|Any CPU.Build.0 = Release|Any CPU
	EndGlobalSection
	GlobalSection(SolutionProperties) = preSolution
		HideSolutionNode = FALSE
	EndGlobalSection
	GlobalSection(ExtensibilityGlobals) = postSolution
		SolutionGuid = {CA0E410A-4E31-48C9-AE01-3ACC652A261F}
	EndGlobalSection
EndGlobal
